
Microsoft Visual Studio Solution File, Format Version 12.00
# Visual Studio 2013
VisualStudioVersion = 12.0.40629.0
MinimumVisualStudioVersion = 10.0.40219.1
Project("{FAE04EC0-301F-11D3-BF4B-00C04F79EFBC}") = "DroidKit OnePlus One", "DroidKit OnePlus One\DroidKit OnePlus One.csproj", "{325DC736-70A1-422D-A4B9-441E228C5062}"
EndProject
Global
	GlobalSection(SolutionConfigurationPlatforms) = preSolution
		Debug|Any CPU = Debug|Any CPU
		Debug|Default = Debug|Default
		Release|Any CPU = Release|Any CPU
		Release|Default = Release|Default
	EndGlobalSection
	GlobalSection(ProjectConfigurationPlatforms) = postSolution
		{325DC736-70A1-422D-A4B9-441E228C5062}.Debug|Any CPU.ActiveCfg = Debug|Any CPU
		{325DC736-70A1-422D-A4B9-441E228C5062}.Debug|Any CPU.Build.0 = Debug|Any CPU
		{325DC736-70A1-422D-A4B9-441E228C5062}.Debug|Default.ActiveCfg = Debug|Any CPU
		{325DC736-70A1-422D-A4B9-441E228C5062}.Release|Any CPU.ActiveCfg = Release|Any CPU
		{325DC736-70A1-422D-A4B9-441E228C5062}.Release|Any CPU.Build.0 = Release|Any CPU
		{325DC736-70A1-422D-A4B9-441E228C5062}.Release|Any CPU.Deploy.0 = Release|Any CPU
		{325DC736-70A1-422D-A4B9-441E228C5062}.Release|Default.ActiveCfg = Debug|Any CPU
	EndGlobalSection
	GlobalSection(SolutionProperties) = preSolution
		HideSolutionNode = FALSE
	EndGlobalSection
EndGlobal
